
Microsoft Visual Studio Solution File, Format Version 12.00
# Visual Studio Version 17
VisualStudioVersion = 17.4.33213.308
MinimumVisualStudioVersion = 10.0.40219.1
Project("{FAE04EC0-301F-11D3-BF4B-00C04F79EFBC}") = "Moviez", "Moviez\Moviez.csproj", "{2457B000-385B-4D69-AE69-4A5CAAB4A1F2}"
EndProject
Global
	GlobalSection(SolutionConfigurationPlatforms) = preSolution
		Debug|Any CPU = Debug|Any CPU
		Release|Any CPU = Release|Any CPU
	EndGlobalSection
	GlobalSection(ProjectConfigurationPlatforms) = postSolution
		{2457B000-385B-4D69-AE69-4A5CAAB4A1F2}.Debug|Any CPU.ActiveCfg = Debug|Any CPU
		{2457B000-385B-4D69-AE69-4A5CAAB4A1F2}.Debug|Any CPU.Build.0 = Debug|Any CPU
		{2457B000-385B-4D69-AE69-4A5CAAB4A1F2}.Release|Any CPU.ActiveCfg = Release|Any CPU
		{2457B000-385B-4D69-AE69-4A5CAAB4A1F2}.Release|Any CPU.Build.0 = Release|Any CPU
	EndGlobalSection
	GlobalSection(SolutionProperties) = preSolution
		HideSolutionNode = FALSE
	EndGlobalSection
	GlobalSection(ExtensibilityGlobals) = postSolution
		SolutionGuid = {C78FADA5-13DD-4D4E-A2DF-2AB6AB13F5A2}
	EndGlobalSection
EndGlobal
